
Microsoft Visual Studio Solution File, Format Version 12.00
# Visual Studio Version 17
VisualStudioVersion = 17.14.36414.22 d17.14
MinimumVisualStudioVersion = 10.0.40219.1
Project("{FAE04EC0-301F-11D3-BF4B-00C04F79EFBC}") = "Main", "Main\Main.csproj", "{6DAFCD66-04C2-4317-A887-BCDD94F35984}"
EndProject
Project("{FAE04EC0-301F-11D3-BF4B-00C04F79EFBC}") = "TestProject1", "TestProject1\TestProject1.csproj", "{103169F8-79A6-4DD4-8715-22B1A39B337A}"
EndProject
Global
	GlobalSection(SolutionConfigurationPlatforms) = preSolution
		Debug|Any CPU = Debug|Any CPU
		Release|Any CPU = Release|Any CPU
	EndGlobalSection
	GlobalSection(ProjectConfigurationPlatforms) = postSolution
		{6DAFCD66-04C2-4317-A887-BCDD94F35984}.Debug|Any CPU.ActiveCfg = Debug|Any CPU
		{6DAFCD66-04C2-4317-A887-BCDD94F35984}.Debug|Any CPU.Build.0 = Debug|Any CPU
		{6DAFCD66-04C2-4317-A887-BCDD94F35984}.Release|Any CPU.ActiveCfg = Release|Any CPU
		{6DAFCD66-04C2-4317-A887-BCDD94F35984}.Release|Any CPU.Build.0 = Release|Any CPU
		{103169F8-79A6-4DD4-8715-22B1A39B337A}.Debug|Any CPU.ActiveCfg = Debug|Any CPU
		{103169F8-79A6-4DD4-8715-22B1A39B337A}.Debug|Any CPU.Build.0 = Debug|Any CPU
		{103169F8-79A6-4DD4-8715-22B1A39B337A}.Release|Any CPU.ActiveCfg = Release|Any CPU
		{103169F8-79A6-4DD4-8715-22B1A39B337A}.Release|Any CPU.Build.0 = Release|Any CPU
	EndGlobalSection
	GlobalSection(SolutionProperties) = preSolution
		HideSolutionNode = FALSE
	EndGlobalSection
	GlobalSection(ExtensibilityGlobals) = postSolution
		SolutionGuid = {9578D28B-769E-48E9-89F8-C4E86D759242}
	EndGlobalSection
EndGlobal
